<?xml version="1.0" encoding="UTF-8" standalone="yes" ?>
<CodeBlocks_project_file>
	<FileVersion major="1" minor="6" />
	<Project>
		<Option title="CLASE26_DIAGRAMA_DE_CLASES" />
		<Option pch_mode="2" />
		<Option compiler="gcc" />
		<Build>
			<Target title="Debug">
				<Option output="bin/Debug/CLASE26_DIAGRAMA_DE_CLASES" prefix_auto="1" extension_auto="1" />
				<Option object_output="obj/Debug/" />
				<Option type="1" />
				<Option compiler="gcc" />
				<Compiler>
					<Add option="-g" />
				</Compiler>
			</Target>
			<Target title="Release">
				<Option output="bin/Release/CLASE26_DIAGRAMA_DE_CLASES" prefix_auto="1" extension_auto="1" />
				<Option object_output="obj/Release/" />
				<Option type="1" />
				<Option compiler="gcc" />
				<Compiler>
					<Add option="-O2" />
				</Compiler>
				<Linker>
					<Add option="-s" />
				</Linker>
			</Target>
		</Build>
		<Compiler>
			<Add option="-Wall" />
		</Compiler>
		<Unit filename="ArrayList.c">
			<Option compilerVar="CC" />
		</Unit>
		<Unit filename="ArrayList.h" />
		<Unit filename="DataManager.c">
			<Option compilerVar="CC" />
		</Unit>
		<Unit filename="DataManager.h" />
		<Unit filename="Suscripciones.c">
			<Option compilerVar="CC" />
		</Unit>
		<Unit filename="Suscripciones.h" />
		<Unit filename="Validaciones.c">
			<Option compilerVar="CC" />
		</Unit>
		<Unit filename="Validaciones.h" />
		<Unit filename="Vista.c">
			<Option compilerVar="CC" />
		</Unit>
		<Unit filename="Vista.h" />
		<Unit filename="controller.c">
			<Option compilerVar="CC" />
		</Unit>
		<Unit filename="controller.h" />
		<Unit filename="main.c">
			<Option compilerVar="CC" />
		</Unit>
		<Unit filename="socio.c">
			<Option compilerVar="CC" />
		</Unit>
		<Unit filename="socio.h" />
		<Extensions>
			<code_completion />
			<envvars />
			<debugger />
		</Extensions>
	</Project>
</CodeBlocks_project_file>
